// !$*UTF8*$!
{
	archiveVersion = 1;
	classes = {
	};
	objectVersion = 46;
	objects = {

/* Begin PBXBuildFile section */
		68F652051C2A9B020044BBC3 /* main.m in Sources */ = {isa = PBXBuildFile; fileRef = 68F652041C2A9B020044BBC3 /* main.m */; };
		68F652081C2A9B020044BBC3 /* AppDelegate.m in Sources */ = {isa = PBXBuildFile; fileRef = 68F652071C2A9B020044BBC3 /* AppDelegate.m */; };
		68F6520B1C2A9B020044BBC3 /* ViewController.m in Sources */ = {isa = PBXBuildFile; fileRef = 68F6520A1C2A9B020044BBC3 /* ViewController.m */; };
		68F6520E1C2A9B020044BBC3 /* Main.storyboard in Resources */ = {isa = PBXBuildFile; fileRef = 68F6520C1C2A9B020044BBC3 /* Main.storyboard */; };
		68F652131C2A9B020044BBC3 /* LaunchScreen.storyboard in Resources */ = {isa = PBXBuildFile; fileRef = 68F652111C2A9B020044BBC3 /* LaunchScreen.storyboard */; };
		68F6521E1C2A9B020044BBC3 /* ___________Tests.m in Sources */ = {isa = PBXBuildFile; fileRef = 68F6521D1C2A9B020044BBC3 /* ___________Tests.m */; };
		68F652291C2A9B020044BBC3 /* ___________UITests.m in Sources */ = {isa = PBXBuildFile; fileRef = 68F652281C2A9B020044BBC3 /* ___________UITests.m */; };
		68F652381C2A9C160044BBC3 /* ViewController1.m in Sources */ = {isa = PBXBuildFile; fileRef = 68F652371C2A9C160044BBC3 /* ViewController1.m */; };
		68F652431C2AA7870044BBC3 /* Default@2x-1.png in Resources */ = {isa = PBXBuildFile; fileRef = 68F652411C2AA7870044BBC3 /* Default@2x-1.png */; };
		68F652481C2AA8580044BBC3 /* Default-568h@2x.png in Resources */ = {isa = PBXBuildFile; fileRef = 68F652471C2AA8580044BBC3 /* Default-568h@2x.png */; };
		68F6524A1C2AA9E90044BBC3 /* Images.xcassets in Resources */ = {isa = PBXBuildFile; fileRef = 68F652491C2AA9E90044BBC3 /* Images.xcassets */; };
/* End PBXBuildFile section */

/* Begin PBXContainerItemProxy section */
		68F6521A1C2A9B020044BBC3 /* PBXContainerItemProxy */ = {
			isa = PBXContainerItemProxy;
			containerPortal = 68F651F81C2A9B020044BBC3 /* Project object */;
			proxyType = 1;
			remoteGlobalIDString = 68F651FF1C2A9B020044BBC3;
			remoteInfo = "自定义欢迎页和显示时间";
		};
		68F652251C2A9B020044BBC3 /* PBXContainerItemProxy */ = {
			isa = PBXContainerItemProxy;
			containerPortal = 68F651F81C2A9B020044BBC3 /* Project object */;
			proxyType = 1;
			remoteGlobalIDString = 68F651FF1C2A9B020044BBC3;
			remoteInfo = "自定义欢迎页和显示时间";
		};
/* End PBXContainerItemProxy section */

/* Begin PBXFileReference section */
		68F652001C2A9B020044BBC3 /* 自定义欢迎页和显示时间.app */ = {isa = PBXFileReference; explicitFileType = wrapper.application; includeInIndex = 0; path = "自定义欢迎页和显示时间.app"; sourceTree = BUILT_PRODUCTS_DIR; };
		68F652041C2A9B020044BBC3 /* main.m */ = {isa = PBXFileReference; lastKnownFileType = sourcecode.c.objc; path = main.m; sourceTree = "<group>"; };
		68F652061C2A9B020044BBC3 /* AppDelegate.h */ = {isa = PBXFileReference; lastKnownFileType = sourcecode.c.h; path = AppDelegate.h; sourceTree = "<group>"; };
		68F652071C2A9B020044BBC3 /* AppDelegate.m */ = {isa = PBXFileReference; lastKnownFileType = sourcecode.c.objc; path = AppDelegate.m; sourceTree = "<group>"; };
		68F652091C2A9B020044BBC3 /* ViewController.h */ = {isa = PBXFileReference; lastKnownFileType = sourcecode.c.h; path = ViewController.h; sourceTree = "<group>"; };
		68F6520A1C2A9B020044BBC3 /* ViewController.m */ = {isa = PBXFileReference; lastKnownFileType = sourcecode.c.objc; path = ViewController.m; sourceTree = "<group>"; };
		68F6520D1C2A9B020044BBC3 /* Base */ = {isa = PBXFileReference; lastKnownFileType = file.storyboard; name = Base; path = Base.lproj/Main.storyboard; sourceTree = "<group>"; };
		68F652121C2A9B020044BBC3 /* Base */ = {isa = PBXFileReference; lastKnownFileType = file.storyboard; name = Base; path = Base.lproj/LaunchScreen.storyboard; sourceTree = "<group>"; };
		68F652141C2A9B020044BBC3 /* Info.plist */ = {isa = PBXFileReference; lastKnownFileType = text.plist.xml; path = Info.plist; sourceTree = "<group>"; };
		68F652191C2A9B020044BBC3 /* 自定义欢迎页和显示时间Tests.xctest */ = {isa = PBXFileReference; explicitFileType = wrapper.cfbundle; includeInIndex = 0; path = "自定义欢迎页和显示时间Tests.xctest"; sourceTree = BUILT_PRODUCTS_DIR; };
		68F6521D1C2A9B020044BBC3 /* ___________Tests.m */ = {isa = PBXFileReference; lastKnownFileType = sourcecode.c.objc; path = "___________Tests.m"; sourceTree = "<group>"; };
		68F6521F1C2A9B020044BBC3 /* Info.plist */ = {isa = PBXFileReference; lastKnownFileType = text.plist.xml; path = Info.plist; sourceTree = "<group>"; };
		68F652241C2A9B020044BBC3 /* 自定义欢迎页和显示时间UITests.xctest */ = {isa = PBXFileReference; explicitFileType = wrapper.cfbundle; includeInIndex = 0; path = "自定义欢迎页和显示时间UITests.xctest"; sourceTree = BUILT_PRODUCTS_DIR; };
		68F652281C2A9B020044BBC3 /* ___________UITests.m */ = {isa = PBXFileReference; lastKnownFileType = sourcecode.c.objc; path = "___________UITests.m"; sourceTree = "<group>"; };
		68F6522A1C2A9B020044BBC3 /* Info.plist */ = {isa = PBXFileReference; lastKnownFileType = text.plist.xml; path = Info.plist; sourceTree = "<group>"; };
		68F652361C2A9C160044BBC3 /* ViewController1.h */ = {isa = PBXFileReference; fileEncoding = 4; lastKnownFileType = sourcecode.c.h; path = ViewController1.h; sourceTree = "<group>"; };
		68F652371C2A9C160044BBC3 /* ViewController1.m */ = {isa = PBXFileReference; fileEncoding = 4; lastKnownFileType = sourcecode.c.objc; path = ViewController1.m; sourceTree = "<group>"; };
		68F652411C2AA7870044BBC3 /* Default@2x-1.png */ = {isa = PBXFileReference; lastKnownFileType = image.png; path = "Default@2x-1.png"; sourceTree = "<group>"; };
		68F652471C2AA8580044BBC3 /* Default-568h@2x.png */ = {isa = PBXFileReference; lastKnownFileType = image.png; path = "Default-568h@2x.png"; sourceTree = "<group>"; };
		68F652491C2AA9E90044BBC3 /* Images.xcassets */ = {isa = PBXFileReference; lastKnownFileType = folder.assetcatalog; path = Images.xcassets; sourceTree = "<group>"; };
/* End PBXFileReference section */

/* Begin PBXFrameworksBuildPhase section */
		68F651FD1C2A9B020044BBC3 /* Frameworks */ = {
			isa = PBXFrameworksBuildPhase;
			buildActionMask = 2147483647;
			files = (
			);
			runOnlyForDeploymentPostprocessing = 0;
		};
		68F652161C2A9B020044BBC3 /* Frameworks */ = {
			isa = PBXFrameworksBuildPhase;
			buildActionMask = 2147483647;
			files = (
			);
			runOnlyForDeploymentPostprocessing = 0;
		};
		68F652211C2A9B020044BBC3 /* Frameworks */ = {
			isa = PBXFrameworksBuildPhase;
			buildActionMask = 2147483647;
			files = (
			);
			runOnlyForDeploymentPostprocessing = 0;
		};
/* End PBXFrameworksBuildPhase section */

/* Begin PBXGroup section */
		68F651F71C2A9B020044BBC3 = {
			isa = PBXGroup;
			children = (
				68F652021C2A9B020044BBC3 /* 自定义欢迎页和显示时间 */,
				68F6521C1C2A9B020044BBC3 /* 自定义欢迎页和显示时间Tests */,
				68F652271C2A9B020044BBC3 /* 自定义欢迎页和显示时间UITests */,
				68F652011C2A9B020044BBC3 /* Products */,
			);
			sourceTree = "<group>";
		};
		68F652011C2A9B020044BBC3 /* Products */ = {
			isa = PBXGroup;
			children = (
				68F652001C2A9B020044BBC3 /* 自定义欢迎页和显示时间.app */,
				68F652191C2A9B020044BBC3 /* 自定义欢迎页和显示时间Tests.xctest */,
				68F652241C2A9B020044BBC3 /* 自定义欢迎页和显示时间UITests.xctest */,
			);
			name = Products;
			sourceTree = "<group>";
		};
		68F652021C2A9B020044BBC3 /* 自定义欢迎页和显示时间 */ = {
			isa = PBXGroup;
			children = (
				68F652061C2A9B020044BBC3 /* AppDelegate.h */,
				68F652071C2A9B020044BBC3 /* AppDelegate.m */,
				68F652091C2A9B020044BBC3 /* ViewController.h */,
				68F6520A1C2A9B020044BBC3 /* ViewController.m */,
				68F652361C2A9C160044BBC3 /* ViewController1.h */,
				68F652371C2A9C160044BBC3 /* ViewController1.m */,
				68F652411C2AA7870044BBC3 /* Default@2x-1.png */,
				68F652471C2AA8580044BBC3 /* Default-568h@2x.png */,
				68F6520C1C2A9B020044BBC3 /* Main.storyboard */,
				68F652111C2A9B020044BBC3 /* LaunchScreen.storyboard */,
				68F652141C2A9B020044BBC3 /* Info.plist */,
				68F652491C2AA9E90044BBC3 /* Images.xcassets */,
				68F652031C2A9B020044BBC3 /* Supporting Files */,
			);
			path = "自定义欢迎页和显示时间";
			sourceTree = "<group>";
		};
		68F652031C2A9B020044BBC3 /* Supporting Files */ = {
			isa = PBXGroup;
			children = (
				68F652041C2A9B020044BBC3 /* main.m */,
			);
			name = "Supporting Files";
			sourceTree = "<group>";
		};
		68F6521C1C2A9B020044BBC3 /* 自定义欢迎页和显示时间Tests */ = {
			isa = PBXGroup;
			children = (
				68F6521D1C2A9B020044BBC3 /* ___________Tests.m */,
				68F6521F1C2A9B020044BBC3 /* Info.plist */,
			);
			path = "自定义欢迎页和显示时间Tests";
			sourceTree = "<group>";
		};
		68F652271C2A9B020044BBC3 /* 自定义欢迎页和显示时间UITests */ = {
			isa = PBXGroup;
			children = (
				68F652281C2A9B020044BBC3 /* ___________UITests.m */,
				68F6522A1C2A9B020044BBC3 /* Info.plist */,
			);
			path = "自定义欢迎页和显示时间UITests";
			sourceTree = "<group>";
		};
/* End PBXGroup section */

/* Begin PBXNativeTarget section */
		68F651FF1C2A9B020044BBC3 /* 自定义欢迎页和显示时间 */ = {
			isa = PBXNativeTarget;
			buildConfigurationList = 68F6522D1C2A9B020044BBC3 /* Build configuration list for PBXNativeTarget "自定义欢迎页和显示时间" */;
			buildPhases = (
				68F651FC1C2A9B020044BBC3 /* Sources */,
				68F651FD1C2A9B020044BBC3 /* Frameworks */,
				68F651FE1C2A9B020044BBC3 /* Resources */,
			);
			buildRules = (
			);
			dependencies = (
			);
			name = "自定义欢迎页和显示时间";
			productName = "自定义欢迎页和显示时间";
			productReference = 68F652001C2A9B020044BBC3 /* 自定义欢迎页和显示时间.app */;
			productType = "com.apple.product-type.application";
		};
		68F652181C2A9B020044BBC3 /* 自定义欢迎页和显示时间Tests */ = {
			isa = PBXNativeTarget;
			buildConfigurationList = 68F652301C2A9B020044BBC3 /* Build configuration list for PBXNativeTarget "自定义欢迎页和显示时间Tests" */;
			buildPhases = (
				68F652151C2A9B020044BBC3 /* Sources */,
				68F652161C2A9B020044BBC3 /* Frameworks */,
				68F652171C2A9B020044BBC3 /* Resources */,
			);
			buildRules = (
			);
			dependencies = (
				68F6521B1C2A9B020044BBC3 /* PBXTargetDependency */,
			);
			name = "自定义欢迎页和显示时间Tests";
			productName = "自定义欢迎页和显示时间Tests";
			productReference = 68F652191C2A9B020044BBC3 /* 自定义欢迎页和显示时间Tests.xctest */;
			productType = "com.apple.product-type.bundle.unit-test";
		};
		68F652231C2A9B020044BBC3 /* 自定义欢迎页和显示时间UITests */ = {
			isa = PBXNativeTarget;
			buildConfigurationList = 68F652331C2A9B020044BBC3 /* Build configuration list for PBXNativeTarget "自定义欢迎页和显示时间UITests" */;
			buildPhases = (
				68F652201C2A9B020044BBC3 /* Sources */,
				68F652211C2A9B020044BBC3 /* Frameworks */,
				68F652221C2A9B020044BBC3 /* Resources */,
			);
			buildRules = (
			);
			dependencies = (
				68F652261C2A9B020044BBC3 /* PBXTargetDependency */,
			);
			name = "自定义欢迎页和显示时间UITests";
			productName = "自定义欢迎页和显示时间UITests";
			productReference = 68F652241C2A9B020044BBC3 /* 自定义欢迎页和显示时间UITests.xctest */;
			productType = "com.apple.product-type.bundle.ui-testing";
		};
/* End PBXNativeTarget section */

/* Begin PBXProject section */
		68F651F81C2A9B020044BBC3 /* Project object */ = {
			isa = PBXProject;
			attributes = {
				LastUpgradeCheck = 0720;
				ORGANIZATIONNAME = "刘浩浩";
				TargetAttributes = {
					68F651FF1C2A9B020044BBC3 = {
						CreatedOnToolsVersion = 7.2;
						DevelopmentTeam = K5M484955T;
					};
					68F652181C2A9B020044BBC3 = {
						CreatedOnToolsVersion = 7.2;
						TestTargetID = 68F651FF1C2A9B020044BBC3;
					};
					68F652231C2A9B020044BBC3 = {
						CreatedOnToolsVersion = 7.2;
						TestTargetID = 68F651FF1C2A9B020044BBC3;
					};
				};
			};
			buildConfigurationList = 68F651FB1C2A9B020044BBC3 /* Build configuration list for PBXProject "自定义欢迎页和显示时间" */;
			compatibilityVersion = "Xcode 3.2";
			developmentRegion = English;
			hasScannedForEncodings = 0;
			knownRegions = (
				en,
				Base,
			);
			mainGroup = 68F651F71C2A9B020044BBC3;
			productRefGroup = 68F652011C2A9B020044BBC3 /* Products */;
			projectDirPath = "";
			projectRoot = "";
			targets = (
				68F651FF1C2A9B020044BBC3 /* 自定义欢迎页和显示时间 */,
				68F652181C2A9B020044BBC3 /* 自定义欢迎页和显示时间Tests */,
				68F652231C2A9B020044BBC3 /* 自定义欢迎页和显示时间UITests */,
			);
		};
/* End PBXProject section */

/* Begin PBXResourcesBuildPhase section */
		68F651FE1C2A9B020044BBC3 /* Resources */ = {
			isa = PBXResourcesBuildPhase;
			buildActionMask = 2147483647;
			files = (
				68F652481C2AA8580044BBC3 /* Default-568h@2x.png in Resources */,
				68F6524A1C2AA9E90044BBC3 /* Images.xcassets in Resources */,
				68F652131C2A9B020044BBC3 /* LaunchScreen.storyboard in Resources */,
				68F652431C2AA7870044BBC3 /* Default@2x-1.png in Resources */,
				68F6520E1C2A9B020044BBC3 /* Main.storyboard in Resources */,
			);
			runOnlyForDeploymentPostprocessing = 0;
		};
		68F652171C2A9B020044BBC3 /* Resources */ = {
			isa = PBXResourcesBuildPhase;
			buildActionMask = 2147483647;
			files = (
			);
			runOnlyForDeploymentPostprocessing = 0;
		};
		68F652221C2A9B020044BBC3 /* Resources */ = {
			isa = PBXResourcesBuildPhase;
			buildActionMask = 2147483647;
			files = (
			);
			runOnlyForDeploymentPostprocessing = 0;
		};
/* End PBXResourcesBuildPhase section */

/* Begin PBXSourcesBuildPhase section */
		68F651FC1C2A9B020044BBC3 /* Sources */ = {
			isa = PBXSourcesBuildPhase;
			buildActionMask = 2147483647;
			files = (
				68F652381C2A9C160044BBC3 /* ViewController1.m in Sources */,
				68F6520B1C2A9B020044BBC3 /* ViewController.m in Sources */,
				68F652081C2A9B020044BBC3 /* AppDelegate.m in Sources */,
				68F652051C2A9B020044BBC3 /* main.m in Sources */,
			);
			runOnlyForDeploymentPostprocessing = 0;
		};
		68F652151C2A9B020044BBC3 /* Sources */ = {
			isa = PBXSourcesBuildPhase;
			buildActionMask = 2147483647;
			files = (
				68F6521E1C2A9B020044BBC3 /* ___________Tests.m in Sources */,
			);
			runOnlyForDeploymentPostprocessing = 0;
		};
		68F652201C2A9B020044BBC3 /* Sources */ = {
			isa = PBXSourcesBuildPhase;
			buildActionMask = 2147483647;
			files = (
				68F652291C2A9B020044BBC3 /* ___________UITests.m in Sources */,
			);
			runOnlyForDeploymentPostprocessing = 0;
		};
/* End PBXSourcesBuildPhase section */

/* Begin PBXTargetDependency section */
		68F6521B1C2A9B020044BBC3 /* PBXTargetDependency */ = {
			isa = PBXTargetDependency;
			target = 68F651FF1C2A9B020044BBC3 /* 自定义欢迎页和显示时间 */;
			targetProxy = 68F6521A1C2A9B020044BBC3 /* PBXContainerItemProxy */;
		};
		68F652261C2A9B020044BBC3 /* PBXTargetDependency */ = {
			isa = PBXTargetDependency;
			target = 68F651FF1C2A9B020044BBC3 /* 自定义欢迎页和显示时间 */;
			targetProxy = 68F652251C2A9B020044BBC3 /* PBXContainerItemProxy */;
		};
/* End PBXTargetDependency section */

/* Begin PBXVariantGroup section */
		68F6520C1C2A9B020044BBC3 /* Main.storyboard */ = {
			isa = PBXVariantGroup;
			children = (
				68F6520D1C2A9B020044BBC3 /* Base */,
			);
			name = Main.storyboard;
			sourceTree = "<group>";
		};
		68F652111C2A9B020044BBC3 /* LaunchScreen.storyboard */ = {
			isa = PBXVariantGroup;
			children = (
				68F652121C2A9B020044BBC3 /* Base */,
			);
			name = LaunchScreen.storyboard;
			sourceTree = "<group>";
		};
/* End PBXVariantGroup section */

/* Begin XCBuildConfiguration section */
		68F6522B1C2A9B020044BBC3 /* Debug */ = {
			isa = XCBuildConfiguration;
			buildSettings = {
				ALWAYS_SEARCH_USER_PATHS = NO;
				CLANG_CXX_LANGUAGE_STANDARD = "gnu++0x";
				CLANG_CXX_LIBRARY = "libc++";
				CLANG_ENABLE_MODULES = YES;
				CLANG_ENABLE_OBJC_ARC = YES;
				CLANG_WARN_BOOL_CONVERSION = YES;
				CLANG_WARN_CONSTANT_CONVERSION = YES;
				CLANG_WARN_DIRECT_OBJC_ISA_USAGE = YES_ERROR;
				CLANG_WARN_EMPTY_BODY = YES;
				CLANG_WARN_ENUM_CONVERSION = YES;
				CLANG_WARN_INT_CONVERSION = YES;
				CLANG_WARN_OBJC_ROOT_CLASS = YES_ERROR;
				CLANG_WARN_UNREACHABLE_CODE = YES;
				CLANG_WARN__DUPLICATE_METHOD_MATCH = YES;
				"CODE_SIGN_IDENTITY[sdk=iphoneos*]" = "iPhone Developer";
				COPY_PHASE_STRIP = NO;
				DEBUG_INFORMATION_FORMAT = dwarf;
				ENABLE_STRICT_OBJC_MSGSEND = YES;
				ENABLE_TESTABILITY = YES;
				GCC_C_LANGUAGE_STANDARD = gnu99;
				GCC_DYNAMIC_NO_PIC = NO;
				GCC_NO_COMMON_BLOCKS = YES;
				GCC_OPTIMIZATION_LEVEL = 0;
				GCC_PREPROCESSOR_DEFINITIONS = (
					"DEBUG=1",
					"$(inherited)",
				);
				GCC_WARN_64_TO_32_BIT_CONVERSION = YES;
				GCC_WARN_ABOUT_RETURN_TYPE = YES_ERROR;
				GCC_WARN_UNDECLARED_SELECTOR = YES;
				GCC_WARN_UNINITIALIZED_AUTOS = YES_AGGRESSIVE;
				GCC_WARN_UNUSED_FUNCTION = YES;
				GCC_WARN_UNUSED_VARIABLE = YES;
				IPHONEOS_DEPLOYMENT_TARGET = 9.2;
				MTL_ENABLE_DEBUG_INFO = YES;
				ONLY_ACTIVE_ARCH = YES;
				SDKROOT = iphoneos;
				TARGETED_DEVICE_FAMILY = "1,2";
			};
			name = Debug;
		};
		68F6522C1C2A9B020044BBC3 /* Release */ = {
			isa = XCBuildConfiguration;
			buildSettings = {
				ALWAYS_SEARCH_USER_PATHS = NO;
				CLANG_CXX_LANGUAGE_STANDARD = "gnu++0x";
				CLANG_CXX_LIBRARY = "libc++";
				CLANG_ENABLE_MODULES = YES;
				CLANG_ENABLE_OBJC_ARC = YES;
				CLANG_WARN_BOOL_CONVERSION = YES;
				CLANG_WARN_CONSTANT_CONVERSION = YES;
				CLANG_WARN_DIRECT_OBJC_ISA_USAGE = YES_ERROR;
				CLANG_WARN_EMPTY_BODY = YES;
				CLANG_WARN_ENUM_CONVERSION = YES;
				CLANG_WARN_INT_CONVERSION = YES;
				CLANG_WARN_OBJC_ROOT_CLASS = YES_ERROR;
				CLANG_WARN_UNREACHABLE_CODE = YES;
				CLANG_WARN__DUPLICATE_METHOD_MATCH = YES;
				"CODE_SIGN_IDENTITY[sdk=iphoneos*]" = "iPhone Developer";
				COPY_PHASE_STRIP = NO;
				DEBUG_INFORMATION_FORMAT = "dwarf-with-dsym";
				ENABLE_NS_ASSERTIONS = NO;
				ENABLE_STRICT_OBJC_MSGSEND = YES;
				GCC_C_LANGUAGE_STANDARD = gnu99;
				GCC_NO_COMMON_BLOCKS = YES;
				GCC_WARN_64_TO_32_BIT_CONVERSION = YES;
				GCC_WARN_ABOUT_RETURN_TYPE = YES_ERROR;
				GCC_WARN_UNDECLARED_SELECTOR = YES;
				GCC_WARN_UNINITIALIZED_AUTOS = YES_AGGRESSIVE;
				GCC_WARN_UNUSED_FUNCTION = YES;
				GCC_WARN_UNUSED_VARIABLE = YES;
				IPHONEOS_DEPLOYMENT_TARGET = 9.2;
				MTL_ENABLE_DEBUG_INFO = NO;
				SDKROOT = iphoneos;
				TARGETED_DEVICE_FAMILY = "1,2";
				VALIDATE_PRODUCT = YES;
			};
			name = Release;
		};
		68F6522E1C2A9B020044BBC3 /* Debug */ = {
			isa = XCBuildConfiguration;
			buildSettings = {
				ASSETCATALOG_COMPILER_APPICON_NAME = AppIcon;
				ASSETCATALOG_COMPILER_LAUNCHIMAGE_NAME = LaunchImage;
				CODE_SIGN_IDENTITY = "iPhone Developer";
				INFOPLIST_FILE = "自定义欢迎页和显示时间/Info.plist";
				LD_RUNPATH_SEARCH_PATHS = "$(inherited) @executable_path/Frameworks";
				PRODUCT_BUNDLE_IDENTIFIER = "Codeliu.-----------";
				PRODUCT_NAME = "$(TARGET_NAME)";
				TARGETED_DEVICE_FAMILY = 1;
			};
			name = Debug;
		};
		68F6522F1C2A9B020044BBC3 /* Release */ = {
			isa = XCBuildConfiguration;
			buildSettings = {
				ASSETCATALOG_COMPILER_APPICON_NAME = AppIcon;
				ASSETCATALOG_COMPILER_LAUNCHIMAGE_NAME = LaunchImage;
				CODE_SIGN_IDENTITY = "iPhone Developer";
				INFOPLIST_FILE = "自定义欢迎页和显示时间/Info.plist";
				LD_RUNPATH_SEARCH_PATHS = "$(inherited) @executable_path/Frameworks";
				PRODUCT_BUNDLE_IDENTIFIER = "Codeliu.-----------";
				PRODUCT_NAME = "$(TARGET_NAME)";
				TARGETED_DEVICE_FAMILY = 1;
			};
			name = Release;
		};
		68F652311C2A9B020044BBC3 /* Debug */ = {
			isa = XCBuildConfiguration;
			buildSettings = {
				BUNDLE_LOADER = "$(TEST_HOST)";
				INFOPLIST_FILE = "自定义欢迎页和显示时间Tests/Info.plist";
				LD_RUNPATH_SEARCH_PATHS = "$(inherited) @executable_path/Frameworks @loader_path/Frameworks";
				PRODUCT_BUNDLE_IDENTIFIER = "Codeliu.-----------Tests";
				PRODUCT_NAME = "$(TARGET_NAME)";
				TEST_HOST = "$(BUILT_PRODUCTS_DIR)/自定义欢迎页和显示时间.app/自定义欢迎页和显示时间";
			};
			name = Debug;
		};
		68F652321C2A9B020044BBC3 /* Release */ = {
			isa = XCBuildConfiguration;
			buildSettings = {
				BUNDLE_LOADER = "$(TEST_HOST)";
				INFOPLIST_FILE = "自定义欢迎页和显示时间Tests/Info.plist";
				LD_RUNPATH_SEARCH_PATHS = "$(inherited) @executable_path/Frameworks @loader_path/Frameworks";
				PRODUCT_BUNDLE_IDENTIFIER = "Codeliu.-----------Tests";
				PRODUCT_NAME = "$(TARGET_NAME)";
				TEST_HOST = "$(BUILT_PRODUCTS_DIR)/自定义欢迎页和显示时间.app/自定义欢迎页和显示时间";
			};
			name = Release;
		};
		68F652341C2A9B020044BBC3 /* Debug */ = {
			isa = XCBuildConfiguration;
			buildSettings = {
				INFOPLIST_FILE = "自定义欢迎页和显示时间UITests/Info.plist";
				LD_RUNPATH_SEARCH_PATHS = "$(inherited) @executable_path/Frameworks @loader_path/Frameworks";
				PRODUCT_BUNDLE_IDENTIFIER = "Codeliu.-----------UITests";
				PRODUCT_NAME = "$(TARGET_NAME)";
				TEST_TARGET_NAME = "自定义欢迎页和显示时间";
				USES_XCTRUNNER = YES;
			};
			name = Debug;
		};
		68F652351C2A9B020044BBC3 /* Release */ = {
			isa = XCBuildConfiguration;
			buildSettings = {
				INFOPLIST_FILE = "自定义欢迎页和显示时间UITests/Info.plist";
				LD_RUNPATH_SEARCH_PATHS = "$(inherited) @executable_path/Frameworks @loader_path/Frameworks";
				PRODUCT_BUNDLE_IDENTIFIER = "Codeliu.-----------UITests";
				PRODUCT_NAME = "$(TARGET_NAME)";
				TEST_TARGET_NAME = "自定义欢迎页和显示时间";
				USES_XCTRUNNER = YES;
			};
			name = Release;
		};
/* End XCBuildConfiguration section */

/* Begin XCConfigurationList section */
		68F651FB1C2A9B020044BBC3 /* Build configuration list for PBXProject "自定义欢迎页和显示时间" */ = {
			isa = XCConfigurationList;
			buildConfigurations = (
				68F6522B1C2A9B020044BBC3 /* Debug */,
				68F6522C1C2A9B020044BBC3 /* Release */,
			);
			defaultConfigurationIsVisible = 0;
			defaultConfigurationName = Release;
		};
		68F6522D1C2A9B020044BBC3 /* Build configuration list for PBXNativeTarget "自定义欢迎页和显示时间" */ = {
			isa = XCConfigurationList;
			buildConfigurations = (
				68F6522E1C2A9B020044BBC3 /* Debug */,
				68F6522F1C2A9B020044BBC3 /* Release */,
			);
			defaultConfigurationIsVisible = 0;
			defaultConfigurationName = Release;
		};
		68F652301C2A9B020044BBC3 /* Build configuration list for PBXNativeTarget "自定义欢迎页和显示时间Tests" */ = {
			isa = XCConfigurationList;
			buildConfigurations = (
				68F652311C2A9B020044BBC3 /* Debug */,
				68F652321C2A9B020044BBC3 /* Release */,
			);
			defaultConfigurationIsVisible = 0;
			defaultConfigurationName = Release;
		};
		68F652331C2A9B020044BBC3 /* Build configuration list for PBXNativeTarget "自定义欢迎页和显示时间UITests" */ = {
			isa = XCConfigurationList;
			buildConfigurations = (
				68F652341C2A9B020044BBC3 /* Debug */,
				68F652351C2A9B020044BBC3 /* Release */,
			);
			defaultConfigurationIsVisible = 0;
			defaultConfigurationName = Release;
		};
/* End XCConfigurationList section */
	};
	rootObject = 68F651F81C2A9B020044BBC3 /* Project object */;
}
